
Microsoft Visual Studio Solution File, Format Version 12.00
# Visual Studio 15
VisualStudioVersion = 15.0.27428.2043
MinimumVisualStudioVersion = 10.0.40219.1
Project("{00D1A9C2-B5F0-4AF3-8072-F6C62B433612}") = "Challenge101571963", "Challenge101571963\Challenge101571963.sqlproj", "{4BF1B6D2-6B49-4D35-A800-0549D875798E}"
EndProject
Project("{FAE04EC0-301F-11D3-BF4B-00C04F79EFBC}") = "ChallengeAPI", "ChallengeAPI\ChallengeAPI.csproj", "{DE59E008-22CB-48D6-8342-9AE449D3FDDA}"
EndProject
Global
	GlobalSection(SolutionConfigurationPlatforms) = preSolution
		Debug|Any CPU = Debug|Any CPU
		Release|Any CPU = Release|Any CPU
	EndGlobalSection
	GlobalSection(ProjectConfigurationPlatforms) = postSolution
		{4BF1B6D2-6B49-4D35-A800-0549D875798E}.Debug|Any CPU.ActiveCfg = Debug|Any CPU
		{4BF1B6D2-6B49-4D35-A800-0549D875798E}.Debug|Any CPU.Build.0 = Debug|Any CPU
		{4BF1B6D2-6B49-4D35-A800-0549D875798E}.Debug|Any CPU.Deploy.0 = Debug|Any CPU
		{4BF1B6D2-6B49-4D35-A800-0549D875798E}.Release|Any CPU.ActiveCfg = Release|Any CPU
		{4BF1B6D2-6B49-4D35-A800-0549D875798E}.Release|Any CPU.Build.0 = Release|Any CPU
		{4BF1B6D2-6B49-4D35-A800-0549D875798E}.Release|Any CPU.Deploy.0 = Release|Any CPU
		{DE59E008-22CB-48D6-8342-9AE449D3FDDA}.Debug|Any CPU.ActiveCfg = Debug|Any CPU
		{DE59E008-22CB-48D6-8342-9AE449D3FDDA}.Debug|Any CPU.Build.0 = Debug|Any CPU
		{DE59E008-22CB-48D6-8342-9AE449D3FDDA}.Release|Any CPU.ActiveCfg = Release|Any CPU
		{DE59E008-22CB-48D6-8342-9AE449D3FDDA}.Release|Any CPU.Build.0 = Release|Any CPU
	EndGlobalSection
	GlobalSection(SolutionProperties) = preSolution
		HideSolutionNode = FALSE
	EndGlobalSection
	GlobalSection(ExtensibilityGlobals) = postSolution
		SolutionGuid = {D8A10AFC-77A3-462E-8701-C4E367323A7C}
	EndGlobalSection
EndGlobal
